{
  "name": "ai-sldc",
  "version": "0.1.0",
  "lockfileVersion": 3,
  "requires": true,
  "packages": {
    "": {
      "name": "ai-sldc",
      "version": "0.1.0",
      "license": "UNLICENSED",
      "bin": {
        "ai-sldc": "bin/ai-sldc.mjs"
      },
      "engines": {
        "node": ">=20"
      }
    }
  }
}
